// !$*UTF8*$!
{
	archiveVersion = 1;
	classes = {
	};
	objectVersion = 48;
	objects = {

/* Begin PBXBuildFile section */
		761779C01F6FD9CB000E3207 /* AppDelegate.swift in Sources */ = {isa = PBXBuildFile; fileRef = 761779BF1F6FD9CB000E3207 /* AppDelegate.swift */; };
		761779C21F6FD9CB000E3207 /* WelcomeVC.swift in Sources */ = {isa = PBXBuildFile; fileRef = 761779C11F6FD9CB000E3207 /* WelcomeVC.swift */; };
		761779C51F6FD9CB000E3207 /* Main.storyboard in Resources */ = {isa = PBXBuildFile; fileRef = 761779C31F6FD9CB000E3207 /* Main.storyboard */; };
		761779C81F6FD9CB000E3207 /* app_swoosh.xcdatamodeld in Sources */ = {isa = PBXBuildFile; fileRef = 761779C61F6FD9CB000E3207 /* app_swoosh.xcdatamodeld */; };
		761779CA1F6FD9CB000E3207 /* Assets.xcassets in Resources */ = {isa = PBXBuildFile; fileRef = 761779C91F6FD9CB000E3207 /* Assets.xcassets */; };
		761779CD1F6FD9CB000E3207 /* LaunchScreen.storyboard in Resources */ = {isa = PBXBuildFile; fileRef = 761779CB1F6FD9CB000E3207 /* LaunchScreen.storyboard */; };
		761779D81F6FD9CB000E3207 /* app_swooshTests.swift in Sources */ = {isa = PBXBuildFile; fileRef = 761779D71F6FD9CB000E3207 /* app_swooshTests.swift */; };
		761779E31F6FD9CB000E3207 /* app_swooshUITests.swift in Sources */ = {isa = PBXBuildFile; fileRef = 761779E21F6FD9CB000E3207 /* app_swooshUITests.swift */; };
		761779F21F6FDEB9000E3207 /* BorderButton.swift in Sources */ = {isa = PBXBuildFile; fileRef = 761779F11F6FDEB9000E3207 /* BorderButton.swift */; };
		7633C8B81F700B1F005E1C0B /* LeagueVC.swift in Sources */ = {isa = PBXBuildFile; fileRef = 7633C8B71F700B1F005E1C0B /* LeagueVC.swift */; };
		7633C8BA1F700B36005E1C0B /* SkillVC.swift in Sources */ = {isa = PBXBuildFile; fileRef = 7633C8B91F700B36005E1C0B /* SkillVC.swift */; };
		7633C8BC1F701E85005E1C0B /* Player.swift in Sources */ = {isa = PBXBuildFile; fileRef = 7633C8BB1F701E85005E1C0B /* Player.swift */; };
/* End PBXBuildFile section */

/* Begin PBXContainerItemProxy section */
		761779D41F6FD9CB000E3207 /* PBXContainerItemProxy */ = {
			isa = PBXContainerItemProxy;
			containerPortal = 761779B41F6FD9CB000E3207 /* Project object */;
			proxyType = 1;
			remoteGlobalIDString = 761779BB1F6FD9CB000E3207;
			remoteInfo = "app-swoosh";
		};
		761779DF1F6FD9CB000E3207 /* PBXContainerItemProxy */ = {
			isa = PBXContainerItemProxy;
			containerPortal = 761779B41F6FD9CB000E3207 /* Project object */;
			proxyType = 1;
			remoteGlobalIDString = 761779BB1F6FD9CB000E3207;
			remoteInfo = "app-swoosh";
		};
/* End PBXContainerItemProxy section */

/* Begin PBXFileReference section */
		761779BC1F6FD9CB000E3207 /* app-swoosh.app */ = {isa = PBXFileReference; explicitFileType = wrapper.application; includeInIndex = 0; path = "app-swoosh.app"; sourceTree = BUILT_PRODUCTS_DIR; };
		761779BF1F6FD9CB000E3207 /* AppDelegate.swift */ = {isa = PBXFileReference; lastKnownFileType = sourcecode.swift; path = AppDelegate.swift; sourceTree = "<group>"; };
		761779C11F6FD9CB000E3207 /* WelcomeVC.swift */ = {isa = PBXFileReference; lastKnownFileType = sourcecode.swift; path = WelcomeVC.swift; sourceTree = "<group>"; };
		761779C41F6FD9CB000E3207 /* Base */ = {isa = PBXFileReference; lastKnownFileType = file.storyboard; name = Base; path = Base.lproj/Main.storyboard; sourceTree = "<group>"; };
		761779C71F6FD9CB000E3207 /* app_swoosh.xcdatamodel */ = {isa = PBXFileReference; lastKnownFileType = wrapper.xcdatamodel; path = app_swoosh.xcdatamodel; sourceTree = "<group>"; };
		761779C91F6FD9CB000E3207 /* Assets.xcassets */ = {isa = PBXFileReference; lastKnownFileType = folder.assetcatalog; path = Assets.xcassets; sourceTree = "<group>"; };
		761779CC1F6FD9CB000E3207 /* Base */ = {isa = PBXFileReference; lastKnownFileType = file.storyboard; name = Base; path = Base.lproj/LaunchScreen.storyboard; sourceTree = "<group>"; };
		761779CE1F6FD9CB000E3207 /* Info.plist */ = {isa = PBXFileReference; lastKnownFileType = text.plist.xml; path = Info.plist; sourceTree = "<group>"; };
		761779D31F6FD9CB000E3207 /* app-swooshTests.xctest */ = {isa = PBXFileReference; explicitFileType = wrapper.cfbundle; includeInIndex = 0; path = "app-swooshTests.xctest"; sourceTree = BUILT_PRODUCTS_DIR; };
		761779D71F6FD9CB000E3207 /* app_swooshTests.swift */ = {isa = PBXFileReference; lastKnownFileType = sourcecode.swift; path = app_swooshTests.swift; sourceTree = "<group>"; };
		761779D91F6FD9CB000E3207 /* Info.plist */ = {isa = PBXFileReference; lastKnownFileType = text.plist.xml; path = Info.plist; sourceTree = "<group>"; };
		761779DE1F6FD9CB000E3207 /* app-swooshUITests.xctest */ = {isa = PBXFileReference; explicitFileType = wrapper.cfbundle; includeInIndex = 0; path = "app-swooshUITests.xctest"; sourceTree = BUILT_PRODUCTS_DIR; };
		761779E21F6FD9CB000E3207 /* app_swooshUITests.swift */ = {isa = PBXFileReference; lastKnownFileType = sourcecode.swift; path = app_swooshUITests.swift; sourceTree = "<group>"; };
		761779E41F6FD9CB000E3207 /* Info.plist */ = {isa = PBXFileReference; lastKnownFileType = text.plist.xml; path = Info.plist; sourceTree = "<group>"; };
		761779F11F6FDEB9000E3207 /* BorderButton.swift */ = {isa = PBXFileReference; lastKnownFileType = sourcecode.swift; path = BorderButton.swift; sourceTree = "<group>"; };
		7633C8B71F700B1F005E1C0B /* LeagueVC.swift */ = {isa = PBXFileReference; lastKnownFileType = sourcecode.swift; path = LeagueVC.swift; sourceTree = "<group>"; };
		7633C8B91F700B36005E1C0B /* SkillVC.swift */ = {isa = PBXFileReference; lastKnownFileType = sourcecode.swift; path = SkillVC.swift; sourceTree = "<group>"; };
		7633C8BB1F701E85005E1C0B /* Player.swift */ = {isa = PBXFileReference; lastKnownFileType = sourcecode.swift; path = Player.swift; sourceTree = "<group>"; };
/* End PBXFileReference section */

/* Begin PBXFrameworksBuildPhase section */
		761779B91F6FD9CB000E3207 /* Frameworks */ = {
			isa = PBXFrameworksBuildPhase;
			buildActionMask = 2147483647;
			files = (
			);
			runOnlyForDeploymentPostprocessing = 0;
		};
		761779D01F6FD9CB000E3207 /* Frameworks */ = {
			isa = PBXFrameworksBuildPhase;
			buildActionMask = 2147483647;
			files = (
			);
			runOnlyForDeploymentPostprocessing = 0;
		};
		761779DB1F6FD9CB000E3207 /* Frameworks */ = {
			isa = PBXFrameworksBuildPhase;
			buildActionMask = 2147483647;
			files = (
			);
			runOnlyForDeploymentPostprocessing = 0;
		};
/* End PBXFrameworksBuildPhase section */

/* Begin PBXGroup section */
		761779B31F6FD9CB000E3207 = {
			isa = PBXGroup;
			children = (
				761779BE1F6FD9CB000E3207 /* app-swoosh */,
				761779D61F6FD9CB000E3207 /* app-swooshTests */,
				761779E11F6FD9CB000E3207 /* app-swooshUITests */,
				761779BD1F6FD9CB000E3207 /* Products */,
			);
			sourceTree = "<group>";
		};
		761779BD1F6FD9CB000E3207 /* Products */ = {
			isa = PBXGroup;
			children = (
				761779BC1F6FD9CB000E3207 /* app-swoosh.app */,
				761779D31F6FD9CB000E3207 /* app-swooshTests.xctest */,
				761779DE1F6FD9CB000E3207 /* app-swooshUITests.xctest */,
			);
			name = Products;
			sourceTree = "<group>";
		};
		761779BE1F6FD9CB000E3207 /* app-swoosh */ = {
			isa = PBXGroup;
			children = (
				7633C8B61F700A7B005E1C0B /* Controller */,
				7633C8B51F700A73005E1C0B /* Model */,
				761779F01F6FDE90000E3207 /* View */,
				761779BF1F6FD9CB000E3207 /* AppDelegate.swift */,
				761779C31F6FD9CB000E3207 /* Main.storyboard */,
				761779C91F6FD9CB000E3207 /* Assets.xcassets */,
				761779CB1F6FD9CB000E3207 /* LaunchScreen.storyboard */,
				761779CE1F6FD9CB000E3207 /* Info.plist */,
				761779C61F6FD9CB000E3207 /* app_swoosh.xcdatamodeld */,
			);
			path = "app-swoosh";
			sourceTree = "<group>";
		};
		761779D61F6FD9CB000E3207 /* app-swooshTests */ = {
			isa = PBXGroup;
			children = (
				761779D71F6FD9CB000E3207 /* app_swooshTests.swift */,
				761779D91F6FD9CB000E3207 /* Info.plist */,
			);
			path = "app-swooshTests";
			sourceTree = "<group>";
		};
		761779E11F6FD9CB000E3207 /* app-swooshUITests */ = {
			isa = PBXGroup;
			children = (
				761779E21F6FD9CB000E3207 /* app_swooshUITests.swift */,
				761779E41F6FD9CB000E3207 /* Info.plist */,
			);
			path = "app-swooshUITests";
			sourceTree = "<group>";
		};
		761779F01F6FDE90000E3207 /* View */ = {
			isa = PBXGroup;
			children = (
				761779F11F6FDEB9000E3207 /* BorderButton.swift */,
			);
			path = View;
			sourceTree = "<group>";
		};
		7633C8B51F700A73005E1C0B /* Model */ = {
			isa = PBXGroup;
			children = (
				7633C8BB1F701E85005E1C0B /* Player.swift */,
			);
			path = Model;
			sourceTree = "<group>";
		};
		7633C8B61F700A7B005E1C0B /* Controller */ = {
			isa = PBXGroup;
			children = (
				761779C11F6FD9CB000E3207 /* WelcomeVC.swift */,
				7633C8B71F700B1F005E1C0B /* LeagueVC.swift */,
				7633C8B91F700B36005E1C0B /* SkillVC.swift */,
			);
			path = Controller;
			sourceTree = "<group>";
		};
/* End PBXGroup section */

/* Begin PBXNativeTarget section */
		761779BB1F6FD9CB000E3207 /* app-swoosh */ = {
			isa = PBXNativeTarget;
			buildConfigurationList = 761779E71F6FD9CB000E3207 /* Build configuration list for PBXNativeTarget "app-swoosh" */;
			buildPhases = (
				761779B81F6FD9CB000E3207 /* Sources */,
				761779B91F6FD9CB000E3207 /* Frameworks */,
				761779BA1F6FD9CB000E3207 /* Resources */,
			);
			buildRules = (
			);
			dependencies = (
			);
			name = "app-swoosh";
			productName = "app-swoosh";
			productReference = 761779BC1F6FD9CB000E3207 /* app-swoosh.app */;
			productType = "com.apple.product-type.application";
		};
		761779D21F6FD9CB000E3207 /* app-swooshTests */ = {
			isa = PBXNativeTarget;
			buildConfigurationList = 761779EA1F6FD9CB000E3207 /* Build configuration list for PBXNativeTarget "app-swooshTests" */;
			buildPhases = (
				761779CF1F6FD9CB000E3207 /* Sources */,
				761779D01F6FD9CB000E3207 /* Frameworks */,
				761779D11F6FD9CB000E3207 /* Resources */,
			);
			buildRules = (
			);
			dependencies = (
				761779D51F6FD9CB000E3207 /* PBXTargetDependency */,
			);
			name = "app-swooshTests";
			productName = "app-swooshTests";
			productReference = 761779D31F6FD9CB000E3207 /* app-swooshTests.xctest */;
			productType = "com.apple.product-type.bundle.unit-test";
		};
		761779DD1F6FD9CB000E3207 /* app-swooshUITests */ = {
			isa = PBXNativeTarget;
			buildConfigurationList = 761779ED1F6FD9CB000E3207 /* Build configuration list for PBXNativeTarget "app-swooshUITests" */;
			buildPhases = (
				761779DA1F6FD9CB000E3207 /* Sources */,
				761779DB1F6FD9CB000E3207 /* Frameworks */,
				761779DC1F6FD9CB000E3207 /* Resources */,
			);
			buildRules = (
			);
			dependencies = (
				761779E01F6FD9CB000E3207 /* PBXTargetDependency */,
			);
			name = "app-swooshUITests";
			productName = "app-swooshUITests";
			productReference = 761779DE1F6FD9CB000E3207 /* app-swooshUITests.xctest */;
			productType = "com.apple.product-type.bundle.ui-testing";
		};
/* End PBXNativeTarget section */

/* Begin PBXProject section */
		761779B41F6FD9CB000E3207 /* Project object */ = {
			isa = PBXProject;
			attributes = {
				LastSwiftUpdateCheck = 0900;
				LastUpgradeCheck = 0900;
				ORGANIZATIONNAME = Cookie;
				TargetAttributes = {
					761779BB1F6FD9CB000E3207 = {
						CreatedOnToolsVersion = 9.0;
						ProvisioningStyle = Automatic;
					};
					761779D21F6FD9CB000E3207 = {
						CreatedOnToolsVersion = 9.0;
						ProvisioningStyle = Automatic;
						TestTargetID = 761779BB1F6FD9CB000E3207;
					};
					761779DD1F6FD9CB000E3207 = {
						CreatedOnToolsVersion = 9.0;
						ProvisioningStyle = Automatic;
						TestTargetID = 761779BB1F6FD9CB000E3207;
					};
				};
			};
			buildConfigurationList = 761779B71F6FD9CB000E3207 /* Build configuration list for PBXProject "app-swoosh" */;
			compatibilityVersion = "Xcode 8.0";
			developmentRegion = en;
			hasScannedForEncodings = 0;
			knownRegions = (
				en,
				Base,
			);
			mainGroup = 761779B31F6FD9CB000E3207;
			productRefGroup = 761779BD1F6FD9CB000E3207 /* Products */;
			projectDirPath = "";
			projectRoot = "";
			targets = (
				761779BB1F6FD9CB000E3207 /* app-swoosh */,
				761779D21F6FD9CB000E3207 /* app-swooshTests */,
				761779DD1F6FD9CB000E3207 /* app-swooshUITests */,
			);
		};
/* End PBXProject section */

/* Begin PBXResourcesBuildPhase section */
		761779BA1F6FD9CB000E3207 /* Resources */ = {
			isa = PBXResourcesBuildPhase;
			buildActionMask = 2147483647;
			files = (
				761779CD1F6FD9CB000E3207 /* LaunchScreen.storyboard in Resources */,
				761779CA1F6FD9CB000E3207 /* Assets.xcassets in Resources */,
				761779C51F6FD9CB000E3207 /* Main.storyboard in Resources */,
			);
			runOnlyForDeploymentPostprocessing = 0;
		};
		761779D11F6FD9CB000E3207 /* Resources */ = {
			isa = PBXResourcesBuildPhase;
			buildActionMask = 2147483647;
			files = (
			);
			runOnlyForDeploymentPostprocessing = 0;
		};
		761779DC1F6FD9CB000E3207 /* Resources */ = {
			isa = PBXResourcesBuildPhase;
			buildActionMask = 2147483647;
			files = (
			);
			runOnlyForDeploymentPostprocessing = 0;
		};
/* End PBXResourcesBuildPhase section */

/* Begin PBXSourcesBuildPhase section */
		761779B81F6FD9CB000E3207 /* Sources */ = {
			isa = PBXSourcesBuildPhase;
			buildActionMask = 2147483647;
			files = (
				7633C8B81F700B1F005E1C0B /* LeagueVC.swift in Sources */,
				761779C21F6FD9CB000E3207 /* WelcomeVC.swift in Sources */,
				761779C81F6FD9CB000E3207 /* app_swoosh.xcdatamodeld in Sources */,
				761779C01F6FD9CB000E3207 /* AppDelegate.swift in Sources */,
				7633C8BC1F701E85005E1C0B /* Player.swift in Sources */,
				7633C8BA1F700B36005E1C0B /* SkillVC.swift in Sources */,
				761779F21F6FDEB9000E3207 /* BorderButton.swift in Sources */,
			);
			runOnlyForDeploymentPostprocessing = 0;
		};
		761779CF1F6FD9CB000E3207 /* Sources */ = {
			isa = PBXSourcesBuildPhase;
			buildActionMask = 2147483647;
			files = (
				761779D81F6FD9CB000E3207 /* app_swooshTests.swift in Sources */,
			);
			runOnlyForDeploymentPostprocessing = 0;
		};
		761779DA1F6FD9CB000E3207 /* Sources */ = {
			isa = PBXSourcesBuildPhase;
			buildActionMask = 2147483647;
			files = (
				761779E31F6FD9CB000E3207 /* app_swooshUITests.swift in Sources */,
			);
			runOnlyForDeploymentPostprocessing = 0;
		};
/* End PBXSourcesBuildPhase section */

/* Begin PBXTargetDependency section */
		761779D51F6FD9CB000E3207 /* PBXTargetDependency */ = {
			isa = PBXTargetDependency;
			target = 761779BB1F6FD9CB000E3207 /* app-swoosh */;
			targetProxy = 761779D41F6FD9CB000E3207 /* PBXContainerItemProxy */;
		};
		761779E01F6FD9CB000E3207 /* PBXTargetDependency */ = {
			isa = PBXTargetDependency;
			target = 761779BB1F6FD9CB000E3207 /* app-swoosh */;
			targetProxy = 761779DF1F6FD9CB000E3207 /* PBXContainerItemProxy */;
		};
/* End PBXTargetDependency section */

/* Begin PBXVariantGroup section */
		761779C31F6FD9CB000E3207 /* Main.storyboard */ = {
			isa = PBXVariantGroup;
			children = (
				761779C41F6FD9CB000E3207 /* Base */,
			);
			name = Main.storyboard;
			sourceTree = "<group>";
		};
		761779CB1F6FD9CB000E3207 /* LaunchScreen.storyboard */ = {
			isa = PBXVariantGroup;
			children = (
				761779CC1F6FD9CB000E3207 /* Base */,
			);
			name = LaunchScreen.storyboard;
			sourceTree = "<group>";
		};
/* End PBXVariantGroup section */

/* Begin XCBuildConfiguration section */
		761779E51F6FD9CB000E3207 /* Debug */ = {
			isa = XCBuildConfiguration;
			buildSettings = {
				ALWAYS_SEARCH_USER_PATHS = NO;
				CLANG_ANALYZER_NONNULL = YES;
				CLANG_ANALYZER_NUMBER_OBJECT_CONVERSION = YES_AGGRESSIVE;
				CLANG_CXX_LANGUAGE_STANDARD = "gnu++14";
				CLANG_CXX_LIBRARY = "libc++";
				CLANG_ENABLE_MODULES = YES;
				CLANG_ENABLE_OBJC_ARC = YES;
				CLANG_WARN_BLOCK_CAPTURE_AUTORELEASING = YES;
				CLANG_WARN_BOOL_CONVERSION = YES;
				CLANG_WARN_COMMA = YES;
				CLANG_WARN_CONSTANT_CONVERSION = YES;
				CLANG_WARN_DIRECT_OBJC_ISA_USAGE = YES_ERROR;
				CLANG_WARN_DOCUMENTATION_COMMENTS = YES;
				CLANG_WARN_EMPTY_BODY = YES;
				CLANG_WARN_ENUM_CONVERSION = YES;
				CLANG_WARN_INFINITE_RECURSION = YES;
				CLANG_WARN_INT_CONVERSION = YES;
				CLANG_WARN_NON_LITERAL_NULL_CONVERSION = YES;
				CLANG_WARN_OBJC_LITERAL_CONVERSION = YES;
				CLANG_WARN_OBJC_ROOT_CLASS = YES_ERROR;
				CLANG_WARN_RANGE_LOOP_ANALYSIS = YES;
				CLANG_WARN_STRICT_PROTOTYPES = YES;
				CLANG_WARN_SUSPICIOUS_MOVE = YES;
				CLANG_WARN_UNGUARDED_AVAILABILITY = YES_AGGRESSIVE;
				CLANG_WARN_UNREACHABLE_CODE = YES;
				CLANG_WARN__DUPLICATE_METHOD_MATCH = YES;
				CODE_SIGN_IDENTITY = "iPhone Developer";
				COPY_PHASE_STRIP = NO;
				DEBUG_INFORMATION_FORMAT = dwarf;
				ENABLE_STRICT_OBJC_MSGSEND = YES;
				ENABLE_TESTABILITY = YES;
				GCC_C_LANGUAGE_STANDARD = gnu11;
				GCC_DYNAMIC_NO_PIC = NO;
				GCC_NO_COMMON_BLOCKS = YES;
				GCC_OPTIMIZATION_LEVEL = 0;
				GCC_PREPROCESSOR_DEFINITIONS = (
					"DEBUG=1",
					"$(inherited)",
				);
				GCC_WARN_64_TO_32_BIT_CONVERSION = YES;
				GCC_WARN_ABOUT_RETURN_TYPE = YES_ERROR;
				GCC_WARN_UNDECLARED_SELECTOR = YES;
				GCC_WARN_UNINITIALIZED_AUTOS = YES_AGGRESSIVE;
				GCC_WARN_UNUSED_FUNCTION = YES;
				GCC_WARN_UNUSED_VARIABLE = YES;
				IPHONEOS_DEPLOYMENT_TARGET = 11.0;
				MTL_ENABLE_DEBUG_INFO = YES;
				ONLY_ACTIVE_ARCH = YES;
				SDKROOT = iphoneos;
				SWIFT_ACTIVE_COMPILATION_CONDITIONS = DEBUG;
				SWIFT_OPTIMIZATION_LEVEL = "-Onone";
			};
			name = Debug;
		};
		761779E61F6FD9CB000E3207 /* Release */ = {
			isa = XCBuildConfiguration;
			buildSettings = {
				ALWAYS_SEARCH_USER_PATHS = NO;
				CLANG_ANALYZER_NONNULL = YES;
				CLANG_ANALYZER_NUMBER_OBJECT_CONVERSION = YES_AGGRESSIVE;
				CLANG_CXX_LANGUAGE_STANDARD = "gnu++14";
				CLANG_CXX_LIBRARY = "libc++";
				CLANG_ENABLE_MODULES = YES;
				CLANG_ENABLE_OBJC_ARC = YES;
				CLANG_WARN_BLOCK_CAPTURE_AUTORELEASING = YES;
				CLANG_WARN_BOOL_CONVERSION = YES;
				CLANG_WARN_COMMA = YES;
				CLANG_WARN_CONSTANT_CONVERSION = YES;
				CLANG_WARN_DIRECT_OBJC_ISA_USAGE = YES_ERROR;
				CLANG_WARN_DOCUMENTATION_COMMENTS = YES;
				CLANG_WARN_EMPTY_BODY = YES;
				CLANG_WARN_ENUM_CONVERSION = YES;
				CLANG_WARN_INFINITE_RECURSION = YES;
				CLANG_WARN_INT_CONVERSION = YES;
				CLANG_WARN_NON_LITERAL_NULL_CONVERSION = YES;
				CLANG_WARN_OBJC_LITERAL_CONVERSION = YES;
				CLANG_WARN_OBJC_ROOT_CLASS = YES_ERROR;
				CLANG_WARN_RANGE_LOOP_ANALYSIS = YES;
				CLANG_WARN_STRICT_PROTOTYPES = YES;
				CLANG_WARN_SUSPICIOUS_MOVE = YES;
				CLANG_WARN_UNGUARDED_AVAILABILITY = YES_AGGRESSIVE;
				CLANG_WARN_UNREACHABLE_CODE = YES;
				CLANG_WARN__DUPLICATE_METHOD_MATCH = YES;
				CODE_SIGN_IDENTITY = "iPhone Developer";
				COPY_PHASE_STRIP = NO;
				DEBUG_INFORMATION_FORMAT = "dwarf-with-dsym";
				ENABLE_NS_ASSERTIONS = NO;
				ENABLE_STRICT_OBJC_MSGSEND = YES;
				GCC_C_LANGUAGE_STANDARD = gnu11;
				GCC_NO_COMMON_BLOCKS = YES;
				GCC_WARN_64_TO_32_BIT_CONVERSION = YES;
				GCC_WARN_ABOUT_RETURN_TYPE = YES_ERROR;
				GCC_WARN_UNDECLARED_SELECTOR = YES;
				GCC_WARN_UNINITIALIZED_AUTOS = YES_AGGRESSIVE;
				GCC_WARN_UNUSED_FUNCTION = YES;
				GCC_WARN_UNUSED_VARIABLE = YES;
				IPHONEOS_DEPLOYMENT_TARGET = 11.0;
				MTL_ENABLE_DEBUG_INFO = NO;
				SDKROOT = iphoneos;
				SWIFT_OPTIMIZATION_LEVEL = "-Owholemodule";
				VALIDATE_PRODUCT = YES;
			};
			name = Release;
		};
		761779E81F6FD9CB000E3207 /* Debug */ = {
			isa = XCBuildConfiguration;
			buildSettings = {
				ASSETCATALOG_COMPILER_APPICON_NAME = AppIcon;
				CODE_SIGN_STYLE = Automatic;
				DEVELOPMENT_TEAM = VB3227H635;
				INFOPLIST_FILE = "app-swoosh/Info.plist";
				LD_RUNPATH_SEARCH_PATHS = "$(inherited) @executable_path/Frameworks";
				PRODUCT_BUNDLE_IDENTIFIER = "GC.Rainy-Shine";
				PRODUCT_NAME = "$(TARGET_NAME)";
				SWIFT_VERSION = 4.0;
				TARGETED_DEVICE_FAMILY = "1,2";
			};
			name = Debug;
		};
		761779E91F6FD9CB000E3207 /* Release */ = {
			isa = XCBuildConfiguration;
			buildSettings = {
				ASSETCATALOG_COMPILER_APPICON_NAME = AppIcon;
				CODE_SIGN_STYLE = Automatic;
				DEVELOPMENT_TEAM = VB3227H635;
				INFOPLIST_FILE = "app-swoosh/Info.plist";
				LD_RUNPATH_SEARCH_PATHS = "$(inherited) @executable_path/Frameworks";
				PRODUCT_BUNDLE_IDENTIFIER = "GC.Rainy-Shine";
				PRODUCT_NAME = "$(TARGET_NAME)";
				SWIFT_VERSION = 4.0;
				TARGETED_DEVICE_FAMILY = "1,2";
			};
			name = Release;
		};
		761779EB1F6FD9CB000E3207 /* Debug */ = {
			isa = XCBuildConfiguration;
			buildSettings = {
				ALWAYS_EMBED_SWIFT_STANDARD_LIBRARIES = YES;
				BUNDLE_LOADER = "$(TEST_HOST)";
				CODE_SIGN_STYLE = Automatic;
				DEVELOPMENT_TEAM = VB3227H635;
				INFOPLIST_FILE = "app-swooshTests/Info.plist";
				LD_RUNPATH_SEARCH_PATHS = "$(inherited) @executable_path/Frameworks @loader_path/Frameworks";
				PRODUCT_BUNDLE_IDENTIFIER = "GC.app-swooshTests";
				PRODUCT_NAME = "$(TARGET_NAME)";
				SWIFT_VERSION = 4.0;
				TARGETED_DEVICE_FAMILY = "1,2";
				TEST_HOST = "$(BUILT_PRODUCTS_DIR)/app-swoosh.app/app-swoosh";
			};
			name = Debug;
		};
		761779EC1F6FD9CB000E3207 /* Release */ = {
			isa = XCBuildConfiguration;
			buildSettings = {
				ALWAYS_EMBED_SWIFT_STANDARD_LIBRARIES = YES;
				BUNDLE_LOADER = "$(TEST_HOST)";
				CODE_SIGN_STYLE = Automatic;
				DEVELOPMENT_TEAM = VB3227H635;
				INFOPLIST_FILE = "app-swooshTests/Info.plist";
				LD_RUNPATH_SEARCH_PATHS = "$(inherited) @executable_path/Frameworks @loader_path/Frameworks";
				PRODUCT_BUNDLE_IDENTIFIER = "GC.app-swooshTests";
				PRODUCT_NAME = "$(TARGET_NAME)";
				SWIFT_VERSION = 4.0;
				TARGETED_DEVICE_FAMILY = "1,2";
				TEST_HOST = "$(BUILT_PRODUCTS_DIR)/app-swoosh.app/app-swoosh";
			};
			name = Release;
		};
		761779EE1F6FD9CB000E3207 /* Debug */ = {
			isa = XCBuildConfiguration;
			buildSettings = {
				ALWAYS_EMBED_SWIFT_STANDARD_LIBRARIES = YES;
				CODE_SIGN_STYLE = Automatic;
				DEVELOPMENT_TEAM = VB3227H635;
				INFOPLIST_FILE = "app-swooshUITests/Info.plist";
				LD_RUNPATH_SEARCH_PATHS = "$(inherited) @executable_path/Frameworks @loader_path/Frameworks";
				PRODUCT_BUNDLE_IDENTIFIER = "GC.app-swooshUITests";
				PRODUCT_NAME = "$(TARGET_NAME)";
				SWIFT_VERSION = 4.0;
				TARGETED_DEVICE_FAMILY = "1,2";
				TEST_TARGET_NAME = "app-swoosh";
			};
			name = Debug;
		};
		761779EF1F6FD9CB000E3207 /* Release */ = {
			isa = XCBuildConfiguration;
			buildSettings = {
				ALWAYS_EMBED_SWIFT_STANDARD_LIBRARIES = YES;
				CODE_SIGN_STYLE = Automatic;
				DEVELOPMENT_TEAM = VB3227H635;
				INFOPLIST_FILE = "app-swooshUITests/Info.plist";
				LD_RUNPATH_SEARCH_PATHS = "$(inherited) @executable_path/Frameworks @loader_path/Frameworks";
				PRODUCT_BUNDLE_IDENTIFIER = "GC.app-swooshUITests";
				PRODUCT_NAME = "$(TARGET_NAME)";
				SWIFT_VERSION = 4.0;
				TARGETED_DEVICE_FAMILY = "1,2";
				TEST_TARGET_NAME = "app-swoosh";
			};
			name = Release;
		};
/* End XCBuildConfiguration section */

/* Begin XCConfigurationList section */
		761779B71F6FD9CB000E3207 /* Build configuration list for PBXProject "app-swoosh" */ = {
			isa = XCConfigurationList;
			buildConfigurations = (
				761779E51F6FD9CB000E3207 /* Debug */,
				761779E61F6FD9CB000E3207 /* Release */,
			);
			defaultConfigurationIsVisible = 0;
			defaultConfigurationName = Release;
		};
		761779E71F6FD9CB000E3207 /* Build configuration list for PBXNativeTarget "app-swoosh" */ = {
			isa = XCConfigurationList;
			buildConfigurations = (
				761779E81F6FD9CB000E3207 /* Debug */,
				761779E91F6FD9CB000E3207 /* Release */,
			);
			defaultConfigurationIsVisible = 0;
			defaultConfigurationName = Release;
		};
		761779EA1F6FD9CB000E3207 /* Build configuration list for PBXNativeTarget "app-swooshTests" */ = {
			isa = XCConfigurationList;
			buildConfigurations = (
				761779EB1F6FD9CB000E3207 /* Debug */,
				761779EC1F6FD9CB000E3207 /* Release */,
			);
			defaultConfigurationIsVisible = 0;
			defaultConfigurationName = Release;
		};
		761779ED1F6FD9CB000E3207 /* Build configuration list for PBXNativeTarget "app-swooshUITests" */ = {
			isa = XCConfigurationList;
			buildConfigurations = (
				761779EE1F6FD9CB000E3207 /* Debug */,
				761779EF1F6FD9CB000E3207 /* Release */,
			);
			defaultConfigurationIsVisible = 0;
			defaultConfigurationName = Release;
		};
/* End XCConfigurationList section */

/* Begin XCVersionGroup section */
		761779C61F6FD9CB000E3207 /* app_swoosh.xcdatamodeld */ = {
			isa = XCVersionGroup;
			children = (
				761779C71F6FD9CB000E3207 /* app_swoosh.xcdatamodel */,
			);
			currentVersion = 761779C71F6FD9CB000E3207 /* app_swoosh.xcdatamodel */;
			path = app_swoosh.xcdatamodeld;
			sourceTree = "<group>";
			versionGroupType = wrapper.xcdatamodel;
		};
/* End XCVersionGroup section */
	};
	rootObject = 761779B41F6FD9CB000E3207 /* Project object */;
}
